<?xml version="1.0" encoding="utf-8"?>
<Project ToolsVersion="4.0" xmlns="http://schemas.microsoft.com/developer/msbuild/2003">
  <ItemGroup>
    <ClInclude Include="..\..\..\include\cga\Tokenizer.h">
      <Filter>lexer</Filter>
    </ClInclude>
    <ClInclude Include="..\..\..\include\cga\Parser.h">
      <Filter>parser</Filter>
    </ClInclude>
    <ClInclude Include="..\..\..\include\cga\AST.h">
      <Filter>parser</Filter>
    </ClInclude>
    <ClInclude Include="..\..\..\include\cga\Expression.h">
      <Filter>parser</Filter>
    </ClInclude>
    <ClInclude Include="..\..\..\include\cga\token_cfg.h">
      <Filter>lexer</Filter>
    </ClInclude>
    <ClInclude Include="..\..\..\include\cga\StringPool.h">
      <Filter>lexer</Filter>
    </ClInclude>
    <ClInclude Include="..\..\..\include\cga\Token.h">
      <Filter>lexer</Filter>
    </ClInclude>
    <ClInclude Include="..\..\..\include\cga\keyword.h">
      <Filter>lexer</Filter>
    </ClInclude>
    <ClInclude Include="..\..\..\include\cga\op_cfg.h">
      <Filter>parser</Filter>
    </ClInclude>
    <ClInclude Include="..\..\..\include\cga\Type.h">
      <Filter>parser</Filter>
    </ClInclude>
    <ClInclude Include="..\..\..\include\cga\token_op_cfg.h">
      <Filter>parser</Filter>
    </ClInclude>
    <ClInclude Include="..\..\..\include\cga\Statement.h">
      <Filter>parser</Filter>
    </ClInclude>
    <ClInclude Include="..\..\..\include\cga\grammer.h" />
    <ClInclude Include="..\..\..\include\cga\DumpAST.h">
      <Filter>parser</Filter>
    </ClInclude>
    <ClInclude Include="..\..\..\include\cga\typedef.h" />
  </ItemGroup>
  <ItemGroup>
    <Filter Include="lexer">
      <UniqueIdentifier>{cebd0f45-a5bb-4d0e-8a6d-245f608a60cb}</UniqueIdentifier>
    </Filter>
    <Filter Include="parser">
      <UniqueIdentifier>{b554b21a-226a-4249-8c34-897115723e96}</UniqueIdentifier>
    </Filter>
  </ItemGroup>
  <ItemGroup>
    <ClCompile Include="..\..\..\source\Tokenizer.cpp">
      <Filter>lexer</Filter>
    </ClCompile>
    <ClCompile Include="..\..\..\source\Parser.cpp">
      <Filter>parser</Filter>
    </ClCompile>
    <ClCompile Include="..\..\..\source\AST.cpp">
      <Filter>parser</Filter>
    </ClCompile>
    <ClCompile Include="..\..\..\source\Expression.cpp">
      <Filter>parser</Filter>
    </ClCompile>
    <ClCompile Include="..\..\..\source\StringPool.cpp">
      <Filter>lexer</Filter>
    </ClCompile>
    <ClCompile Include="..\..\..\source\Type.cpp">
      <Filter>parser</Filter>
    </ClCompile>
    <ClCompile Include="..\..\..\source\Statement.cpp">
      <Filter>parser</Filter>
    </ClCompile>
    <ClCompile Include="..\..\..\source\DumpAST.cpp">
      <Filter>parser</Filter>
    </ClCompile>
  </ItemGroup>
</Project>